// !$*UTF8*$!
{
	archiveVersion = 1;
	classes = {
	};
	objectVersion = 50;
	objects = {

/* Begin PBXBuildFile section */
		58379C6B22584B4A00077714 /* Solution.cpp in Sources */ = {isa = PBXBuildFile; fileRef = 58379C6922584B4A00077714 /* Solution.cpp */; };
		BA680CB02251995800D0DB5D /* main.cpp in Sources */ = {isa = PBXBuildFile; fileRef = BA680CAF2251995800D0DB5D /* main.cpp */; };
		BAA0B028230A8E170098BBA3 /* MyStack.cpp in Sources */ = {isa = PBXBuildFile; fileRef = BAA0B026230A8E170098BBA3 /* MyStack.cpp */; };
		BABDEEA5230B97D8005B89EA /* MyQueue.cpp in Sources */ = {isa = PBXBuildFile; fileRef = BABDEEA3230B97D8005B89EA /* MyQueue.cpp */; };
		BABDEEA8230CE40E005B89EA /* NumArray.cpp in Sources */ = {isa = PBXBuildFile; fileRef = BABDEEA6230CE40E005B89EA /* NumArray.cpp */; };
		BAD82F352303E44C002BEABB /* MinStack.cpp in Sources */ = {isa = PBXBuildFile; fileRef = BAD82F332303E44C002BEABB /* MinStack.cpp */; };
		BAED7C93230FEEB7001053A9 /* PathSum.cpp in Sources */ = {isa = PBXBuildFile; fileRef = BAED7C91230FEEB7001053A9 /* PathSum.cpp */; };
/* End PBXBuildFile section */

/* Begin PBXCopyFilesBuildPhase section */
		BA680CAA2251995800D0DB5D /* CopyFiles */ = {
			isa = PBXCopyFilesBuildPhase;
			buildActionMask = 2147483647;
			dstPath = /usr/share/man/man1/;
			dstSubfolderSpec = 0;
			files = (
			);
			runOnlyForDeploymentPostprocessing = 1;
		};
/* End PBXCopyFilesBuildPhase section */

/* Begin PBXFileReference section */
		58379C6922584B4A00077714 /* Solution.cpp */ = {isa = PBXFileReference; lastKnownFileType = sourcecode.cpp.cpp; path = Solution.cpp; sourceTree = "<group>"; };
		58379C6A22584B4A00077714 /* Solution.hpp */ = {isa = PBXFileReference; lastKnownFileType = sourcecode.cpp.h; path = Solution.hpp; sourceTree = "<group>"; };
		BA680CAC2251995800D0DB5D /* LeetCode */ = {isa = PBXFileReference; explicitFileType = "compiled.mach-o.executable"; includeInIndex = 0; path = LeetCode; sourceTree = BUILT_PRODUCTS_DIR; };
		BA680CAF2251995800D0DB5D /* main.cpp */ = {isa = PBXFileReference; lastKnownFileType = sourcecode.cpp.cpp; path = main.cpp; sourceTree = "<group>"; };
		BAA0B026230A8E170098BBA3 /* MyStack.cpp */ = {isa = PBXFileReference; lastKnownFileType = sourcecode.cpp.cpp; path = MyStack.cpp; sourceTree = "<group>"; };
		BAA0B027230A8E170098BBA3 /* MyStack.hpp */ = {isa = PBXFileReference; lastKnownFileType = sourcecode.cpp.h; path = MyStack.hpp; sourceTree = "<group>"; };
		BABDEEA3230B97D8005B89EA /* MyQueue.cpp */ = {isa = PBXFileReference; lastKnownFileType = sourcecode.cpp.cpp; path = MyQueue.cpp; sourceTree = "<group>"; };
		BABDEEA4230B97D8005B89EA /* MyQueue.hpp */ = {isa = PBXFileReference; lastKnownFileType = sourcecode.cpp.h; path = MyQueue.hpp; sourceTree = "<group>"; };
		BABDEEA6230CE40E005B89EA /* NumArray.cpp */ = {isa = PBXFileReference; lastKnownFileType = sourcecode.cpp.cpp; path = NumArray.cpp; sourceTree = "<group>"; };
		BABDEEA7230CE40E005B89EA /* NumArray.hpp */ = {isa = PBXFileReference; lastKnownFileType = sourcecode.cpp.h; path = NumArray.hpp; sourceTree = "<group>"; };
		BAD82F332303E44C002BEABB /* MinStack.cpp */ = {isa = PBXFileReference; lastKnownFileType = sourcecode.cpp.cpp; path = MinStack.cpp; sourceTree = "<group>"; };
		BAD82F342303E44C002BEABB /* MinStack.hpp */ = {isa = PBXFileReference; lastKnownFileType = sourcecode.cpp.h; path = MinStack.hpp; sourceTree = "<group>"; };
		BAED7C91230FEEB7001053A9 /* PathSum.cpp */ = {isa = PBXFileReference; lastKnownFileType = sourcecode.cpp.cpp; path = PathSum.cpp; sourceTree = "<group>"; };
		BAED7C92230FEEB7001053A9 /* PathSum.hpp */ = {isa = PBXFileReference; lastKnownFileType = sourcecode.cpp.h; path = PathSum.hpp; sourceTree = "<group>"; };
/* End PBXFileReference section */

/* Begin PBXFrameworksBuildPhase section */
		BA680CA92251995800D0DB5D /* Frameworks */ = {
			isa = PBXFrameworksBuildPhase;
			buildActionMask = 2147483647;
			files = (
			);
			runOnlyForDeploymentPostprocessing = 0;
		};
/* End PBXFrameworksBuildPhase section */

/* Begin PBXGroup section */
		BA680CA32251995800D0DB5D = {
			isa = PBXGroup;
			children = (
				BA680CAE2251995800D0DB5D /* LeetCode */,
				BA680CAD2251995800D0DB5D /* Products */,
			);
			sourceTree = "<group>";
		};
		BA680CAD2251995800D0DB5D /* Products */ = {
			isa = PBXGroup;
			children = (
				BA680CAC2251995800D0DB5D /* LeetCode */,
			);
			name = Products;
			sourceTree = "<group>";
		};
		BA680CAE2251995800D0DB5D /* LeetCode */ = {
			isa = PBXGroup;
			children = (
				BAB607C523176A3F00362895 /* New Group */,
				BA680CAF2251995800D0DB5D /* main.cpp */,
				58379C6A22584B4A00077714 /* Solution.hpp */,
				58379C6922584B4A00077714 /* Solution.cpp */,
			);
			path = LeetCode;
			sourceTree = "<group>";
		};
		BAB607C523176A3F00362895 /* New Group */ = {
			isa = PBXGroup;
			children = (
				BAD82F332303E44C002BEABB /* MinStack.cpp */,
				BAD82F342303E44C002BEABB /* MinStack.hpp */,
				BAA0B026230A8E170098BBA3 /* MyStack.cpp */,
				BAA0B027230A8E170098BBA3 /* MyStack.hpp */,
				BABDEEA3230B97D8005B89EA /* MyQueue.cpp */,
				BABDEEA4230B97D8005B89EA /* MyQueue.hpp */,
				BABDEEA6230CE40E005B89EA /* NumArray.cpp */,
				BABDEEA7230CE40E005B89EA /* NumArray.hpp */,
				BAED7C91230FEEB7001053A9 /* PathSum.cpp */,
				BAED7C92230FEEB7001053A9 /* PathSum.hpp */,
			);
			path = "New Group";
			sourceTree = "<group>";
		};
/* End PBXGroup section */

/* Begin PBXNativeTarget section */
		BA680CAB2251995800D0DB5D /* LeetCode */ = {
			isa = PBXNativeTarget;
			buildConfigurationList = BA680CB32251995800D0DB5D /* Build configuration list for PBXNativeTarget "LeetCode" */;
			buildPhases = (
				BA680CA82251995800D0DB5D /* Sources */,
				BA680CA92251995800D0DB5D /* Frameworks */,
				BA680CAA2251995800D0DB5D /* CopyFiles */,
			);
			buildRules = (
			);
			dependencies = (
			);
			name = LeetCode;
			productName = LeetCode;
			productReference = BA680CAC2251995800D0DB5D /* LeetCode */;
			productType = "com.apple.product-type.tool";
		};
/* End PBXNativeTarget section */

/* Begin PBXProject section */
		BA680CA42251995800D0DB5D /* Project object */ = {
			isa = PBXProject;
			attributes = {
				LastUpgradeCheck = 1020;
				ORGANIZATIONNAME = henry;
				TargetAttributes = {
					BA680CAB2251995800D0DB5D = {
						CreatedOnToolsVersion = 10.2;
					};
				};
			};
			buildConfigurationList = BA680CA72251995800D0DB5D /* Build configuration list for PBXProject "LeetCode" */;
			compatibilityVersion = "Xcode 9.3";
			developmentRegion = en;
			hasScannedForEncodings = 0;
			knownRegions = (
				en,
			);
			mainGroup = BA680CA32251995800D0DB5D;
			productRefGroup = BA680CAD2251995800D0DB5D /* Products */;
			projectDirPath = "";
			projectRoot = "";
			targets = (
				BA680CAB2251995800D0DB5D /* LeetCode */,
			);
		};
/* End PBXProject section */

/* Begin PBXSourcesBuildPhase section */
		BA680CA82251995800D0DB5D /* Sources */ = {
			isa = PBXSourcesBuildPhase;
			buildActionMask = 2147483647;
			files = (
				BABDEEA8230CE40E005B89EA /* NumArray.cpp in Sources */,
				BAA0B028230A8E170098BBA3 /* MyStack.cpp in Sources */,
				BAD82F352303E44C002BEABB /* MinStack.cpp in Sources */,
				58379C6B22584B4A00077714 /* Solution.cpp in Sources */,
				BABDEEA5230B97D8005B89EA /* MyQueue.cpp in Sources */,
				BA680CB02251995800D0DB5D /* main.cpp in Sources */,
				BAED7C93230FEEB7001053A9 /* PathSum.cpp in Sources */,
			);
			runOnlyForDeploymentPostprocessing = 0;
		};
/* End PBXSourcesBuildPhase section */

/* Begin XCBuildConfiguration section */
		BA680CB12251995800D0DB5D /* Debug */ = {
			isa = XCBuildConfiguration;
			buildSettings = {
				ALWAYS_SEARCH_USER_PATHS = NO;
				CLANG_ANALYZER_NONNULL = YES;
				CLANG_ANALYZER_NUMBER_OBJECT_CONVERSION = YES_AGGRESSIVE;
				CLANG_CXX_LANGUAGE_STANDARD = "gnu++14";
				CLANG_CXX_LIBRARY = "libc++";
				CLANG_ENABLE_MODULES = YES;
				CLANG_ENABLE_OBJC_ARC = YES;
				CLANG_ENABLE_OBJC_WEAK = YES;
				CLANG_WARN_BLOCK_CAPTURE_AUTORELEASING = YES;
				CLANG_WARN_BOOL_CONVERSION = YES;
				CLANG_WARN_COMMA = YES;
				CLANG_WARN_CONSTANT_CONVERSION = YES;
				CLANG_WARN_DEPRECATED_OBJC_IMPLEMENTATIONS = YES;
				CLANG_WARN_DIRECT_OBJC_ISA_USAGE = YES_ERROR;
				CLANG_WARN_DOCUMENTATION_COMMENTS = YES;
				CLANG_WARN_EMPTY_BODY = YES;
				CLANG_WARN_ENUM_CONVERSION = YES;
				CLANG_WARN_INFINITE_RECURSION = YES;
				CLANG_WARN_INT_CONVERSION = YES;
				CLANG_WARN_NON_LITERAL_NULL_CONVERSION = YES;
				CLANG_WARN_OBJC_IMPLICIT_RETAIN_SELF = YES;
				CLANG_WARN_OBJC_LITERAL_CONVERSION = YES;
				CLANG_WARN_OBJC_ROOT_CLASS = YES_ERROR;
				CLANG_WARN_RANGE_LOOP_ANALYSIS = YES;
				CLANG_WARN_STRICT_PROTOTYPES = YES;
				CLANG_WARN_SUSPICIOUS_MOVE = YES;
				CLANG_WARN_UNGUARDED_AVAILABILITY = YES_AGGRESSIVE;
				CLANG_WARN_UNREACHABLE_CODE = YES;
				CLANG_WARN__DUPLICATE_METHOD_MATCH = YES;
				CODE_SIGN_IDENTITY = "Mac Developer";
				COPY_PHASE_STRIP = NO;
				DEBUG_INFORMATION_FORMAT = dwarf;
				ENABLE_STRICT_OBJC_MSGSEND = YES;
				ENABLE_TESTABILITY = YES;
				GCC_C_LANGUAGE_STANDARD = gnu11;
				GCC_DYNAMIC_NO_PIC = NO;
				GCC_NO_COMMON_BLOCKS = YES;
				GCC_OPTIMIZATION_LEVEL = 0;
				GCC_PREPROCESSOR_DEFINITIONS = (
					"DEBUG=1",
					"$(inherited)",
				);
				GCC_WARN_64_TO_32_BIT_CONVERSION = YES;
				GCC_WARN_ABOUT_RETURN_TYPE = YES_ERROR;
				GCC_WARN_UNDECLARED_SELECTOR = YES;
				GCC_WARN_UNINITIALIZED_AUTOS = YES_AGGRESSIVE;
				GCC_WARN_UNUSED_FUNCTION = YES;
				GCC_WARN_UNUSED_VARIABLE = YES;
				MACOSX_DEPLOYMENT_TARGET = 10.14;
				MTL_ENABLE_DEBUG_INFO = INCLUDE_SOURCE;
				MTL_FAST_MATH = YES;
				ONLY_ACTIVE_ARCH = YES;
				SDKROOT = macosx;
			};
			name = Debug;
		};
		BA680CB22251995800D0DB5D /* Release */ = {
			isa = XCBuildConfiguration;
			buildSettings = {
				ALWAYS_SEARCH_USER_PATHS = NO;
				CLANG_ANALYZER_NONNULL = YES;
				CLANG_ANALYZER_NUMBER_OBJECT_CONVERSION = YES_AGGRESSIVE;
				CLANG_CXX_LANGUAGE_STANDARD = "gnu++14";
				CLANG_CXX_LIBRARY = "libc++";
				CLANG_ENABLE_MODULES = YES;
				CLANG_ENABLE_OBJC_ARC = YES;
				CLANG_ENABLE_OBJC_WEAK = YES;
				CLANG_WARN_BLOCK_CAPTURE_AUTORELEASING = YES;
				CLANG_WARN_BOOL_CONVERSION = YES;
				CLANG_WARN_COMMA = YES;
				CLANG_WARN_CONSTANT_CONVERSION = YES;
				CLANG_WARN_DEPRECATED_OBJC_IMPLEMENTATIONS = YES;
				CLANG_WARN_DIRECT_OBJC_ISA_USAGE = YES_ERROR;
				CLANG_WARN_DOCUMENTATION_COMMENTS = YES;
				CLANG_WARN_EMPTY_BODY = YES;
				CLANG_WARN_ENUM_CONVERSION = YES;
				CLANG_WARN_INFINITE_RECURSION = YES;
				CLANG_WARN_INT_CONVERSION = YES;
				CLANG_WARN_NON_LITERAL_NULL_CONVERSION = YES;
				CLANG_WARN_OBJC_IMPLICIT_RETAIN_SELF = YES;
				CLANG_WARN_OBJC_LITERAL_CONVERSION = YES;
				CLANG_WARN_OBJC_ROOT_CLASS = YES_ERROR;
				CLANG_WARN_RANGE_LOOP_ANALYSIS = YES;
				CLANG_WARN_STRICT_PROTOTYPES = YES;
				CLANG_WARN_SUSPICIOUS_MOVE = YES;
				CLANG_WARN_UNGUARDED_AVAILABILITY = YES_AGGRESSIVE;
				CLANG_WARN_UNREACHABLE_CODE = YES;
				CLANG_WARN__DUPLICATE_METHOD_MATCH = YES;
				CODE_SIGN_IDENTITY = "Mac Developer";
				COPY_PHASE_STRIP = NO;
				DEBUG_INFORMATION_FORMAT = "dwarf-with-dsym";
				ENABLE_NS_ASSERTIONS = NO;
				ENABLE_STRICT_OBJC_MSGSEND = YES;
				GCC_C_LANGUAGE_STANDARD = gnu11;
				GCC_NO_COMMON_BLOCKS = YES;
				GCC_WARN_64_TO_32_BIT_CONVERSION = YES;
				GCC_WARN_ABOUT_RETURN_TYPE = YES_ERROR;
				GCC_WARN_UNDECLARED_SELECTOR = YES;
				GCC_WARN_UNINITIALIZED_AUTOS = YES_AGGRESSIVE;
				GCC_WARN_UNUSED_FUNCTION = YES;
				GCC_WARN_UNUSED_VARIABLE = YES;
				MACOSX_DEPLOYMENT_TARGET = 10.14;
				MTL_ENABLE_DEBUG_INFO = NO;
				MTL_FAST_MATH = YES;
				SDKROOT = macosx;
			};
			name = Release;
		};
		BA680CB42251995800D0DB5D /* Debug */ = {
			isa = XCBuildConfiguration;
			buildSettings = {
				CODE_SIGN_STYLE = Automatic;
				DEVELOPMENT_TEAM = 76ZRH6W722;
				PRODUCT_NAME = "$(TARGET_NAME)";
			};
			name = Debug;
		};
		BA680CB52251995800D0DB5D /* Release */ = {
			isa = XCBuildConfiguration;
			buildSettings = {
				CODE_SIGN_STYLE = Automatic;
				DEVELOPMENT_TEAM = 76ZRH6W722;
				PRODUCT_NAME = "$(TARGET_NAME)";
			};
			name = Release;
		};
/* End XCBuildConfiguration section */

/* Begin XCConfigurationList section */
		BA680CA72251995800D0DB5D /* Build configuration list for PBXProject "LeetCode" */ = {
			isa = XCConfigurationList;
			buildConfigurations = (
				BA680CB12251995800D0DB5D /* Debug */,
				BA680CB22251995800D0DB5D /* Release */,
			);
			defaultConfigurationIsVisible = 0;
			defaultConfigurationName = Release;
		};
		BA680CB32251995800D0DB5D /* Build configuration list for PBXNativeTarget "LeetCode" */ = {
			isa = XCConfigurationList;
			buildConfigurations = (
				BA680CB42251995800D0DB5D /* Debug */,
				BA680CB52251995800D0DB5D /* Release */,
			);
			defaultConfigurationIsVisible = 0;
			defaultConfigurationName = Release;
		};
/* End XCConfigurationList section */
	};
	rootObject = BA680CA42251995800D0DB5D /* Project object */;
}
